
Microsoft Visual Studio Solution File, Format Version 12.00
# Visual Studio Version 17
VisualStudioVersion = 17.5.33516.290
MinimumVisualStudioVersion = 10.0.40219.1
Project("{FAE04EC0-301F-11D3-BF4B-00C04F79EFBC}") = "Rock Paper Scissors", "Rock Paper Scissors\Rock Paper Scissors.csproj", "{B13366CA-7004-4EEB-A811-D645ADF8B16B}"
EndProject
Global
	GlobalSection(SolutionConfigurationPlatforms) = preSolution
		Debug|Any CPU = Debug|Any CPU
		Release|Any CPU = Release|Any CPU
	EndGlobalSection
	GlobalSection(ProjectConfigurationPlatforms) = postSolution
		{B13366CA-7004-4EEB-A811-D645ADF8B16B}.Debug|Any CPU.ActiveCfg = Debug|Any CPU
		{B13366CA-7004-4EEB-A811-D645ADF8B16B}.Debug|Any CPU.Build.0 = Debug|Any CPU
		{B13366CA-7004-4EEB-A811-D645ADF8B16B}.Release|Any CPU.ActiveCfg = Release|Any CPU
		{B13366CA-7004-4EEB-A811-D645ADF8B16B}.Release|Any CPU.Build.0 = Release|Any CPU
	EndGlobalSection
	GlobalSection(SolutionProperties) = preSolution
		HideSolutionNode = FALSE
	EndGlobalSection
	GlobalSection(ExtensibilityGlobals) = postSolution
		SolutionGuid = {33332EF2-DCFC-498C-B8F4-3B1582613FDD}
	EndGlobalSection
EndGlobal
